
Microsoft Visual Studio Solution File, Format Version 11.00
# Visual Studio 2010
Project("{FAE04EC0-301F-11D3-BF4B-00C04F79EFBC}") = "Assembly-CSharp", "Assembly-CSharp.csproj", "{60109D38-6817-80AB-B451-DCFE7D4181B1}"
EndProject
Project("{FAE04EC0-301F-11D3-BF4B-00C04F79EFBC}") = "Assembly-CSharp-firstpass", "Assembly-CSharp-firstpass.csproj", "{B72DB1BD-CA34-D2BA-F977-B54DCBD5F112}"
EndProject
Project("{FAE04EC0-301F-11D3-BF4B-00C04F79EFBC}") = "Assembly-CSharp-Editor", "Assembly-CSharp-Editor.csproj", "{49A7F33B-CE45-EACA-31CF-BF5CD1DD4C86}"
EndProject
Global
	GlobalSection(SolutionConfigurationPlatforms) = preSolution
		Debug|Any CPU = Debug|Any CPU
		Release|Any CPU = Release|Any CPU
	EndGlobalSection
	GlobalSection(ProjectConfigurationPlatforms) = postSolution
		{60109D38-6817-80AB-B451-DCFE7D4181B1}.Debug|Any CPU.ActiveCfg = Debug|Any CPU
		{60109D38-6817-80AB-B451-DCFE7D4181B1}.Debug|Any CPU.Build.0 = Debug|Any CPU
		{60109D38-6817-80AB-B451-DCFE7D4181B1}.Release|Any CPU.ActiveCfg = Release|Any CPU
		{60109D38-6817-80AB-B451-DCFE7D4181B1}.Release|Any CPU.Build.0 = Release|Any CPU
		{B72DB1BD-CA34-D2BA-F977-B54DCBD5F112}.Debug|Any CPU.ActiveCfg = Debug|Any CPU
		{B72DB1BD-CA34-D2BA-F977-B54DCBD5F112}.Debug|Any CPU.Build.0 = Debug|Any CPU
		{B72DB1BD-CA34-D2BA-F977-B54DCBD5F112}.Release|Any CPU.ActiveCfg = Release|Any CPU
		{B72DB1BD-CA34-D2BA-F977-B54DCBD5F112}.Release|Any CPU.Build.0 = Release|Any CPU
		{49A7F33B-CE45-EACA-31CF-BF5CD1DD4C86}.Debug|Any CPU.ActiveCfg = Debug|Any CPU
		{49A7F33B-CE45-EACA-31CF-BF5CD1DD4C86}.Debug|Any CPU.Build.0 = Debug|Any CPU
		{49A7F33B-CE45-EACA-31CF-BF5CD1DD4C86}.Release|Any CPU.ActiveCfg = Release|Any CPU
		{49A7F33B-CE45-EACA-31CF-BF5CD1DD4C86}.Release|Any CPU.Build.0 = Release|Any CPU
	EndGlobalSection
	GlobalSection(SolutionProperties) = preSolution
		HideSolutionNode = FALSE
	EndGlobalSection
	GlobalSection(MonoDevelopProperties) = preSolution
		StartupItem = Assembly-CSharp.csproj
	EndGlobalSection
EndGlobal
